
Microsoft Visual Studio Solution File, Format Version 12.00
# Visual Studio Version 17
VisualStudioVersion = 17.3.32929.385
MinimumVisualStudioVersion = 10.0.40219.1
Project("{8BC9CEB8-8B4A-11D0-8D11-00A0C91BC942}") = "cuda-gravity", "cuda-gravity\cuda-gravity.vcxproj", "{2187533A-BB76-4653-B36C-CA68EE4DCEA3}"
EndProject
Global
	GlobalSection(SolutionConfigurationPlatforms) = preSolution
		Debug|x64 = Debug|x64
		Release|x64 = Release|x64
	EndGlobalSection
	GlobalSection(ProjectConfigurationPlatforms) = postSolution
		{2187533A-BB76-4653-B36C-CA68EE4DCEA3}.Debug|x64.ActiveCfg = Debug|x64
		{2187533A-BB76-4653-B36C-CA68EE4DCEA3}.Debug|x64.Build.0 = Debug|x64
		{2187533A-BB76-4653-B36C-CA68EE4DCEA3}.Release|x64.ActiveCfg = Release|x64
		{2187533A-BB76-4653-B36C-CA68EE4DCEA3}.Release|x64.Build.0 = Release|x64
	EndGlobalSection
	GlobalSection(SolutionProperties) = preSolution
		HideSolutionNode = FALSE
	EndGlobalSection
	GlobalSection(ExtensibilityGlobals) = postSolution
		SolutionGuid = {156FDF90-DD58-4521-BE02-0EABE1C5F2B1}
	EndGlobalSection
EndGlobal
